
Microsoft Visual Studio Solution File, Format Version 12.00
# Visual Studio 15
VisualStudioVersion = 15.0.27428.2037
MinimumVisualStudioVersion = 10.0.40219.1
Project("{FAE04EC0-301F-11D3-BF4B-00C04F79EFBC}") = "GroceryStore", "GroceryStore\GroceryStore.csproj", "{0BAF9995-26B9-412D-AC12-B5D8E60DC419}"
EndProject
Project("{FAE04EC0-301F-11D3-BF4B-00C04F79EFBC}") = "GroceryStoreTests", "GroceryStoreTests\GroceryStoreTests.csproj", "{C74B8AC6-D04F-4EAE-B619-E646359168AF}"
EndProject
Global
	GlobalSection(SolutionConfigurationPlatforms) = preSolution
		Debug|Any CPU = Debug|Any CPU
		Release|Any CPU = Release|Any CPU
	EndGlobalSection
	GlobalSection(ProjectConfigurationPlatforms) = postSolution
		{0BAF9995-26B9-412D-AC12-B5D8E60DC419}.Debug|Any CPU.ActiveCfg = Debug|Any CPU
		{0BAF9995-26B9-412D-AC12-B5D8E60DC419}.Debug|Any CPU.Build.0 = Debug|Any CPU
		{0BAF9995-26B9-412D-AC12-B5D8E60DC419}.Release|Any CPU.ActiveCfg = Release|Any CPU
		{0BAF9995-26B9-412D-AC12-B5D8E60DC419}.Release|Any CPU.Build.0 = Release|Any CPU
		{C74B8AC6-D04F-4EAE-B619-E646359168AF}.Debug|Any CPU.ActiveCfg = Debug|Any CPU
		{C74B8AC6-D04F-4EAE-B619-E646359168AF}.Debug|Any CPU.Build.0 = Debug|Any CPU
		{C74B8AC6-D04F-4EAE-B619-E646359168AF}.Release|Any CPU.ActiveCfg = Release|Any CPU
		{C74B8AC6-D04F-4EAE-B619-E646359168AF}.Release|Any CPU.Build.0 = Release|Any CPU
	EndGlobalSection
	GlobalSection(SolutionProperties) = preSolution
		HideSolutionNode = FALSE
	EndGlobalSection
	GlobalSection(ExtensibilityGlobals) = postSolution
		SolutionGuid = {092A8F44-CB4A-4624-A882-BF6B77983A37}
	EndGlobalSection
EndGlobal
